
Microsoft Visual Studio Solution File, Format Version 12.00
# Visual Studio Version 17
VisualStudioVersion = 17.8.34408.163
MinimumVisualStudioVersion = 10.0.40219.1
Project("{FAE04EC0-301F-11D3-BF4B-00C04F79EFBC}") = "riotpls", "riotpls\riotpls.csproj", "{E7DA2FF6-2969-471B-979E-01A133A56CA6}"
EndProject
Global
	GlobalSection(SolutionConfigurationPlatforms) = preSolution
		Debug|Any CPU = Debug|Any CPU
		Release|Any CPU = Release|Any CPU
	EndGlobalSection
	GlobalSection(ProjectConfigurationPlatforms) = postSolution
		{E7DA2FF6-2969-471B-979E-01A133A56CA6}.Debug|Any CPU.ActiveCfg = Debug|Any CPU
		{E7DA2FF6-2969-471B-979E-01A133A56CA6}.Debug|Any CPU.Build.0 = Debug|Any CPU
		{E7DA2FF6-2969-471B-979E-01A133A56CA6}.Release|Any CPU.ActiveCfg = Release|Any CPU
		{E7DA2FF6-2969-471B-979E-01A133A56CA6}.Release|Any CPU.Build.0 = Release|Any CPU
	EndGlobalSection
	GlobalSection(SolutionProperties) = preSolution
		HideSolutionNode = FALSE
	EndGlobalSection
	GlobalSection(ExtensibilityGlobals) = postSolution
		SolutionGuid = {77C2A0F7-0946-4CA1-8ECB-55F23FEDECA9}
	EndGlobalSection
EndGlobal
